
Microsoft Visual Studio Solution File, Format Version 12.00
# Visual Studio Version 16
VisualStudioVersion = 16.0.31702.278
MinimumVisualStudioVersion = 10.0.40219.1
Project("{FAE04EC0-301F-11D3-BF4B-00C04F79EFBC}") = "WPF_App", "WPF_App.csproj", "{B27A8AD1-081C-40A9-B3EA-CDF6B7087AFD}"
EndProject
Global
	GlobalSection(SolutionConfigurationPlatforms) = preSolution
		Debug|Any CPU = Debug|Any CPU
		Release|Any CPU = Release|Any CPU
	EndGlobalSection
	GlobalSection(ProjectConfigurationPlatforms) = postSolution
		{B27A8AD1-081C-40A9-B3EA-CDF6B7087AFD}.Debug|Any CPU.ActiveCfg = Debug|Any CPU
		{B27A8AD1-081C-40A9-B3EA-CDF6B7087AFD}.Debug|Any CPU.Build.0 = Debug|Any CPU
		{B27A8AD1-081C-40A9-B3EA-CDF6B7087AFD}.Release|Any CPU.ActiveCfg = Release|Any CPU
		{B27A8AD1-081C-40A9-B3EA-CDF6B7087AFD}.Release|Any CPU.Build.0 = Release|Any CPU
	EndGlobalSection
	GlobalSection(SolutionProperties) = preSolution
		HideSolutionNode = FALSE
	EndGlobalSection
	GlobalSection(ExtensibilityGlobals) = postSolution
		SolutionGuid = {174A2DAD-A6A5-479C-8840-1EA0346FDFEA}
	EndGlobalSection
EndGlobal
